{
    "version": 3,
    "terraform_version": "0.10.7",
    "serial": 428,
    "lineage": "63e16ff5-60a3-439b-b124-6b515fe7d9a3",
    "modules": [
        {
            "path": [
                "root"
            ],
            "outputs": {
                "sshdns": {
                    "sensitive": false,
                    "type": "string",
                    "value": "ssh -i ~/.ssh/ephemeral-test.pem -o StrictHostKeyChecking=no ubuntu@chef.streambox.com"
                },
                "sship": {
                    "sensitive": false,
                    "type": "string",
                    "value": "ssh -i ~/.ssh/ephemeral-test.pem -o StrictHostKeyChecking=no ubuntu@54.212.188.78"
                }
            },
            "resources": {
                "aws_instance.chef": {
                    "type": "aws_instance",
                    "depends_on": [
                        "aws_security_group.chef"
                    ],
                    "primary": {
                        "id": "i-01bacf216b67fb53b",
                        "attributes": {
                            "ami": "ami-6e1a0117",
                            "availability_zone": "us-west-2c",
                            "disable_api_termination": "false",
                            "ebs_block_device.#": "0",
                            "ebs_optimized": "false",
                            "ephemeral_block_device.#": "0",
                            "iam_instance_profile": "",
                            "id": "i-01bacf216b67fb53b",
                            "instance_state": "running",
                            "instance_type": "c3.large",
                            "ipv6_addresses.#": "0",
                            "key_name": "ephemeral-test",
                            "monitoring": "true",
                            "network_interface.#": "0",
                            "network_interface_id": "",
                            "primary_network_interface_id": "",
                            "private_dns": "ip-10-82-134-56.us-west-2.compute.internal",
                            "private_ip": "10.82.134.56",
                            "public_dns": "ec2-54-212-188-78.us-west-2.compute.amazonaws.com",
                            "public_ip": "54.212.188.78",
                            "root_block_device.#": "1",
                            "root_block_device.0.delete_on_termination": "true",
                            "root_block_device.0.iops": "0",
                            "root_block_device.0.volume_size": "200",
                            "root_block_device.0.volume_type": "standard",
                            "security_groups.#": "1",
                            "security_groups.4064823014": "chef",
                            "source_dest_check": "true",
                            "subnet_id": "",
                            "tags.%": "1",
                            "tags.Name": "chef",
                            "tenancy": "default",
                            "volume_tags.%": "0",
                            "vpc_security_group_ids.#": "0"
                        },
                        "meta": {
                            "e2bfb730-ecaa-11e6-8f88-34363bc7c4c0": {
                                "create": 600000000000,
                                "delete": 600000000000,
                                "update": 600000000000
                            },
                            "schema_version": "1"
                        },
                        "tainted": false
                    },
                    "deposed": [],
                    "provider": ""
                },
                "aws_route53_record.chef": {
                    "type": "aws_route53_record",
                    "depends_on": [
                        "aws_instance.chef"
                    ],
                    "primary": {
                        "id": "ZYM2WVE2N8MU5_chef.streambox.com_A",
                        "attributes": {
                            "fqdn": "chef.streambox.com",
                            "health_check_id": "",
                            "id": "ZYM2WVE2N8MU5_chef.streambox.com_A",
                            "name": "chef.streambox.com",
                            "records.#": "1",
                            "records.989832448": "54.212.188.78",
                            "set_identifier": "",
                            "ttl": "60",
                            "type": "A",
                            "zone_id": "ZYM2WVE2N8MU5"
                        },
                        "meta": {
                            "schema_version": "2"
                        },
                        "tainted": false
                    },
                    "deposed": [],
                    "provider": ""
                },
                "aws_security_group.chef": {
                    "type": "aws_security_group",
                    "depends_on": [],
                    "primary": {
                        "id": "sg-e6ff9fd5",
                        "attributes": {
                            "description": "Allow ssh inbound traffic from everywhere",
                            "egress.#": "0",
                            "id": "sg-e6ff9fd5",
                            "ingress.#": "2",
                            "ingress.2541437006.cidr_blocks.#": "1",
                            "ingress.2541437006.cidr_blocks.0": "0.0.0.0/0",
                            "ingress.2541437006.from_port": "22",
                            "ingress.2541437006.ipv6_cidr_blocks.#": "0",
                            "ingress.2541437006.protocol": "tcp",
                            "ingress.2541437006.security_groups.#": "0",
                            "ingress.2541437006.self": "false",
                            "ingress.2541437006.to_port": "22",
                            "ingress.2617001939.cidr_blocks.#": "1",
                            "ingress.2617001939.cidr_blocks.0": "0.0.0.0/0",
                            "ingress.2617001939.from_port": "443",
                            "ingress.2617001939.ipv6_cidr_blocks.#": "0",
                            "ingress.2617001939.protocol": "tcp",
                            "ingress.2617001939.security_groups.#": "0",
                            "ingress.2617001939.self": "false",
                            "ingress.2617001939.to_port": "443",
                            "name": "chef",
                            "owner_id": "193048895737",
                            "tags.%": "1",
                            "tags.Name": "chef",
                            "vpc_id": ""
                        },
                        "meta": {},
                        "tainted": false
                    },
                    "deposed": [],
                    "provider": ""
                }
            },
            "depends_on": []
        }
    ]
}
